Microsoft Visual Studio Solution File, Format Version 12.00
# Visual Studio Version 17
VisualStudioVersion = 17.5.2.0
MinimumVisualStudioVersion = 10.0.40219.1
Project("{FAE04EC0-301F-11D3-BF4B-00C04F79EFBC}") = "PeminjamanRuangan", "PeminjamanRuangan\PeminjamanRuangan.csproj", "{4DEE7470-0400-A7AB-06F2-E97BA7992A73}"
EndProject
Global
	GlobalSection(SolutionConfigurationPlatforms) = preSolution
		Debug|Any CPU = Debug|Any CPU
		Release|Any CPU = Release|Any CPU
	EndGlobalSection
	GlobalSection(ProjectConfigurationPlatforms) = postSolution
		{4DEE7470-0400-A7AB-06F2-E97BA7992A73}.Debug|Any CPU.ActiveCfg = Debug|Any CPU
		{4DEE7470-0400-A7AB-06F2-E97BA7992A73}.Debug|Any CPU.Build.0 = Debug|Any CPU
		{4DEE7470-0400-A7AB-06F2-E97BA7992A73}.Release|Any CPU.ActiveCfg = Release|Any CPU
		{4DEE7470-0400-A7AB-06F2-E97BA7992A73}.Release|Any CPU.Build.0 = Release|Any CPU
	EndGlobalSection
	GlobalSection(SolutionProperties) = preSolution
		HideSolutionNode = FALSE
	EndGlobalSection
	GlobalSection(ExtensibilityGlobals) = postSolution
		SolutionGuid = {FADE5091-1819-4B05-BF15-FC47640EA8FB}
	EndGlobalSection
EndGlobal
